
Microsoft Visual Studio Solution File, Format Version 12.00
# Visual Studio Version 17
VisualStudioVersion = 17.0.31903.59
MinimumVisualStudioVersion = 10.0.40219.1
Project("{FAE04EC0-301F-11D3-BF4B-00C04F79EFBC}") = "Model", "Model\Model.csproj", "{370E3187-3501-48DE-9FA9-BA851C8179BA}"
EndProject
Global
	GlobalSection(SolutionConfigurationPlatforms) = preSolution
		Debug|Any CPU = Debug|Any CPU
		Release|Any CPU = Release|Any CPU
	EndGlobalSection
	GlobalSection(SolutionProperties) = preSolution
		HideSolutionNode = FALSE
	EndGlobalSection
	GlobalSection(ProjectConfigurationPlatforms) = postSolution
		{370E3187-3501-48DE-9FA9-BA851C8179BA}.Debug|Any CPU.ActiveCfg = Debug|Any CPU
		{370E3187-3501-48DE-9FA9-BA851C8179BA}.Debug|Any CPU.Build.0 = Debug|Any CPU
		{370E3187-3501-48DE-9FA9-BA851C8179BA}.Release|Any CPU.ActiveCfg = Release|Any CPU
		{370E3187-3501-48DE-9FA9-BA851C8179BA}.Release|Any CPU.Build.0 = Release|Any CPU
	EndGlobalSection
EndGlobal
